<?xml version="1.0" encoding="utf-8"?>
<Project ToolsVersion="4.0" xmlns="http://schemas.microsoft.com/developer/msbuild/2003">
  <ItemGroup>
    <Filter Include="Source">
      <UniqueIdentifier>{cdbf66ee-32ef-4d41-ba63-dce98229a4dd}</UniqueIdentifier>
    </Filter>
  </ItemGroup>
  <ItemGroup>
    <ClCompile Include="Buffer.cpp">
      <Filter>Source</Filter>
    </ClCompile>
    <ClCompile Include="Dispatcher.cpp">
      <Filter>Source</Filter>
    </ClCompile>
    <ClCompile Include="Packet.cpp">
      <Filter>Source</Filter>
    </ClCompile>
    <ClCompile Include="Socket.cpp">
      <Filter>Source</Filter>
    </ClCompile>
    <ClCompile Include="Scheduler.cpp">
      <Filter>Source</Filter>
    </ClCompile>
  </ItemGroup>
  <ItemGroup>
    <ClInclude Include="Buffer.h">
      <Filter>Source</Filter>
    </ClInclude>
    <ClInclude Include="Dispatcher.h">
      <Filter>Source</Filter>
    </ClInclude>
    <ClInclude Include="Packet.h">
      <Filter>Source</Filter>
    </ClInclude>
    <ClInclude Include="RefCount.h">
      <Filter>Source</Filter>
    </ClInclude>
    <ClInclude Include="Socket.h">
      <Filter>Source</Filter>
    </ClInclude>
    <ClInclude Include="Require.h">
      <Filter>Source</Filter>
    </ClInclude>
    <ClInclude Include="Scheduler.h">
      <Filter>Source</Filter>
    </ClInclude>
  </ItemGroup>
</Project>